{"version":4,"terraform_version":"1.11.4","serial":3,"lineage":"262bfd78-54e9-f365-24ae-2297da90cd56","outputs":{"asterisk_container_name":{"value":"asterisk-server","type":"string"},"asterisk_ip_address":{"value":"10.100.100.10","type":"string"},"asterisk_network":{"value":"asterisk-net","type":"string"},"connection_info":{"value":{"asterisk_console":"incus exec asterisk-server -- asterisk -rvvv","asterisk_container":"asterisk-server","asterisk_ip":"10.100.100.10","asterisk_logs":"incus exec asterisk-server -- tail -f /var/log/asterisk/messages","provisioning_container":"asterisk-server-provisioning","provisioning_ip":"10.100.100.11","provisioning_url":"http://10.100.100.11","rtp_port_range":"10000-20000","sip_port":5060},"type":["object",{"asterisk_console":"string","asterisk_container":"string","asterisk_ip":"string","asterisk_logs":"string","provisioning_container":"string","provisioning_ip":"string","provisioning_url":"string","rtp_port_range":"string","sip_port":"number"}]},"provisioning_ip_address":{"value":"10.100.100.11","type":"string"},"provisioning_server_name":{"value":"asterisk-server-provisioning","type":"string"},"provisioning_url":{"value":"http://10.100.100.11","type":"string"},"quick_start_commands":{"value":"# Connect to Asterisk console\nincus exec asterisk-server -- asterisk -rvvv\n    \n# View Asterisk logs\nincus exec asterisk-server -- tail -f /var/log/asterisk/messages\n    \n# Check endpoints\nincus exec asterisk-server -- asterisk -rx \"pjsip show endpoints\"\n    \n# Access provisioning server\ncurl http://10.100.100.11\n    \n# Restart Asterisk\nincus restart asterisk-server\n    \n# Restart provisioning server\nincus restart asterisk-server-provisioning\n","type":"string"},"sip_uri":{"value":"sip:10.100.100.10:5060","type":"string"}},"resources":[{"mode":"managed","type":"incus_instance","name":"asterisk_server","provider":"provider[\"registry.opentofu.org/lxc/incus\"]","instances":[{"schema_version":0,"attributes":{"architecture":"x86_64","config":{"boot.autostart":"true","environment.ASTERISK_GID":"1000","environment.ASTERISK_UID":"1000","limits.cpu":"4","limits.memory":"4GB","security.nesting":"false","security.privileged":"false"},"description":"","device":[{"name":"asterisk-config","properties":{"path":"/etc/asterisk","source":"/home/balou/Documents/Asterisk-POC/asterisk"},"type":"disk"},{"name":"eth0","properties":{"ipv4.address":"10.100.100.10","network":"asterisk-net"},"type":"nic"}],"ephemeral":false,"file":[],"image":"asterisk-latest","ipv4_address":"10.100.100.10","ipv6_address":null,"mac_address":"10:66:6a:3f:34:ae","name":"asterisk-server","profiles":["default"],"project":null,"remote":null,"running":true,"source_file":null,"source_instance":null,"status":"Running","target":"","type":"container","wait_for":[]},"sensitive_attributes":[],"dependencies":["incus_network.asterisk_network"]}]},{"mode":"managed","type":"incus_instance","name":"provisioning_server","provider":"provider[\"registry.opentofu.org/lxc/incus\"]","instances":[{"schema_version":0,"attributes":{"architecture":"x86_64","config":{"boot.autostart":"true","limits.cpu":"1","limits.memory":"512MB"},"description":"","device":[{"name":"eth0","properties":{"ipv4.address":"10.100.100.11","network":"asterisk-net"},"type":"nic"},{"name":"www","properties":{"path":"/usr/share/nginx/html","source":"/home/balou/Documents/Asterisk-POC/asterisk/provisioning"},"type":"disk"}],"ephemeral":false,"file":[],"image":"nginx-alpine","ipv4_address":"10.100.100.11","ipv6_address":null,"mac_address":"10:66:6a:1e:60:82","name":"asterisk-server-provisioning","profiles":["default"],"project":null,"remote":null,"running":true,"source_file":null,"source_instance":null,"status":"Running","target":"","type":"container","wait_for":[]},"sensitive_attributes":[],"dependencies":["incus_network.asterisk_network"]}]},{"mode":"managed","type":"incus_network","name":"asterisk_network","provider":"provider[\"registry.opentofu.org/lxc/incus\"]","instances":[{"schema_version":0,"attributes":{"config":{"dns.domain":"asterisk.local","dns.mode":"managed","ipv4.address":"10.100.100.1/24","ipv4.nat":"true","ipv6.address":"none"},"description":"","managed":true,"name":"asterisk-net","project":null,"remote":null,"target":null,"type":"bridge"},"sensitive_attributes":[]}]},{"mode":"managed","type":"incus_storage_pool","name":"asterisk_pool","provider":"provider[\"registry.opentofu.org/lxc/incus\"]","instances":[{"schema_version":0,"attributes":{"config":{},"description":"","driver":"dir","name":"asterisk-storage","project":null,"remote":null,"target":null},"sensitive_attributes":[]}]}],"check_results":null}
